
Microsoft Visual Studio Solution File, Format Version 12.00
# Visual Studio 2013
VisualStudioVersion = 12.0.31101.0
MinimumVisualStudioVersion = 10.0.40219.1
Project("{FAE04EC0-301F-11D3-BF4B-00C04F79EFBC}") = "AsyncProxy", "AsyncProxy\AsyncProxy.csproj", "{40A30F51-2981-405E-A33F-BD4B1F35620C}"
EndProject
Project("{FAE04EC0-301F-11D3-BF4B-00C04F79EFBC}") = "AsyncProxy.Tests", "AsyncProxy.Tests\AsyncProxy.Tests.csproj", "{F89F37D6-BECA-4CA8-B06B-489ED36927C5}"
EndProject
Global
	GlobalSection(SolutionConfigurationPlatforms) = preSolution
		Debug|Any CPU = Debug|Any CPU
		Release|Any CPU = Release|Any CPU
	EndGlobalSection
	GlobalSection(ProjectConfigurationPlatforms) = postSolution
		{40A30F51-2981-405E-A33F-BD4B1F35620C}.Debug|Any CPU.ActiveCfg = Debug|Any CPU
		{40A30F51-2981-405E-A33F-BD4B1F35620C}.Debug|Any CPU.Build.0 = Debug|Any CPU
		{40A30F51-2981-405E-A33F-BD4B1F35620C}.Release|Any CPU.ActiveCfg = Release|Any CPU
		{40A30F51-2981-405E-A33F-BD4B1F35620C}.Release|Any CPU.Build.0 = Release|Any CPU
		{F89F37D6-BECA-4CA8-B06B-489ED36927C5}.Debug|Any CPU.ActiveCfg = Debug|Any CPU
		{F89F37D6-BECA-4CA8-B06B-489ED36927C5}.Debug|Any CPU.Build.0 = Debug|Any CPU
		{F89F37D6-BECA-4CA8-B06B-489ED36927C5}.Release|Any CPU.ActiveCfg = Release|Any CPU
		{F89F37D6-BECA-4CA8-B06B-489ED36927C5}.Release|Any CPU.Build.0 = Release|Any CPU
	EndGlobalSection
	GlobalSection(SolutionProperties) = preSolution
		HideSolutionNode = FALSE
	EndGlobalSection
EndGlobal
